
Microsoft Visual Studio Solution File, Format Version 12.00
# Visual Studio Version 17
VisualStudioVersion = 17.9.34728.123
MinimumVisualStudioVersion = 10.0.40219.1
Project("{FAE04EC0-301F-11D3-BF4B-00C04F79EFBC}") = "mvcmovie", "mvcmovie.csproj", "{B3424FFD-9FA0-4C97-9F3C-F9B1F0FCD138}"
EndProject
Global
	GlobalSection(SolutionConfigurationPlatforms) = preSolution
		Debug|Any CPU = Debug|Any CPU
		Release|Any CPU = Release|Any CPU
	EndGlobalSection
	GlobalSection(ProjectConfigurationPlatforms) = postSolution
		{B3424FFD-9FA0-4C97-9F3C-F9B1F0FCD138}.Debug|Any CPU.ActiveCfg = Debug|Any CPU
		{B3424FFD-9FA0-4C97-9F3C-F9B1F0FCD138}.Debug|Any CPU.Build.0 = Debug|Any CPU
		{B3424FFD-9FA0-4C97-9F3C-F9B1F0FCD138}.Release|Any CPU.ActiveCfg = Release|Any CPU
		{B3424FFD-9FA0-4C97-9F3C-F9B1F0FCD138}.Release|Any CPU.Build.0 = Release|Any CPU
	EndGlobalSection
	GlobalSection(SolutionProperties) = preSolution
		HideSolutionNode = FALSE
	EndGlobalSection
	GlobalSection(ExtensibilityGlobals) = postSolution
		SolutionGuid = {285F6730-5DEE-4231-B3B1-492F43C16E5C}
	EndGlobalSection
EndGlobal
